
Microsoft Visual Studio Solution File, Format Version 12.00
# Visual Studio Version 17
VisualStudioVersion = 17.7.34031.279
MinimumVisualStudioVersion = 10.0.40219.1
Project("{8BC9CEB8-8B4A-11D0-8D11-00A0C91BC942}") = "Shellcode", "Shellcode\Shellcode.vcxproj", "{CD8B4BB5-7CA1-4DA6-848C-459CD927CDA4}"
EndProject
Project("{8BC9CEB8-8B4A-11D0-8D11-00A0C91BC942}") = "Remoteshellcode", "Remoteshellcode\Remoteshellcode.vcxproj", "{EAA1724A-63F2-48C5-9BE7-75849694CB50}"
EndProject
Project("{8BC9CEB8-8B4A-11D0-8D11-00A0C91BC942}") = "GetPEB", "GetPEB\GetPEB.vcxproj", "{990FAC6A-BF26-46E4-B31E-5423AE030118}"
EndProject
Global
	GlobalSection(SolutionConfigurationPlatforms) = preSolution
		Debug|x64 = Debug|x64
		Debug|x86 = Debug|x86
		Release|x64 = Release|x64
		Release|x86 = Release|x86
	EndGlobalSection
	GlobalSection(ProjectConfigurationPlatforms) = postSolution
		{CD8B4BB5-7CA1-4DA6-848C-459CD927CDA4}.Debug|x64.ActiveCfg = Debug|x64
		{CD8B4BB5-7CA1-4DA6-848C-459CD927CDA4}.Debug|x64.Build.0 = Debug|x64
		{CD8B4BB5-7CA1-4DA6-848C-459CD927CDA4}.Debug|x86.ActiveCfg = Debug|Win32
		{CD8B4BB5-7CA1-4DA6-848C-459CD927CDA4}.Debug|x86.Build.0 = Debug|Win32
		{CD8B4BB5-7CA1-4DA6-848C-459CD927CDA4}.Release|x64.ActiveCfg = Release|x64
		{CD8B4BB5-7CA1-4DA6-848C-459CD927CDA4}.Release|x64.Build.0 = Release|x64
		{CD8B4BB5-7CA1-4DA6-848C-459CD927CDA4}.Release|x86.ActiveCfg = Release|Win32
		{CD8B4BB5-7CA1-4DA6-848C-459CD927CDA4}.Release|x86.Build.0 = Release|Win32
		{EAA1724A-63F2-48C5-9BE7-75849694CB50}.Debug|x64.ActiveCfg = Debug|x64
		{EAA1724A-63F2-48C5-9BE7-75849694CB50}.Debug|x64.Build.0 = Debug|x64
		{EAA1724A-63F2-48C5-9BE7-75849694CB50}.Debug|x86.ActiveCfg = Debug|Win32
		{EAA1724A-63F2-48C5-9BE7-75849694CB50}.Debug|x86.Build.0 = Debug|Win32
		{EAA1724A-63F2-48C5-9BE7-75849694CB50}.Release|x64.ActiveCfg = Release|x64
		{EAA1724A-63F2-48C5-9BE7-75849694CB50}.Release|x64.Build.0 = Release|x64
		{EAA1724A-63F2-48C5-9BE7-75849694CB50}.Release|x86.ActiveCfg = Release|Win32
		{EAA1724A-63F2-48C5-9BE7-75849694CB50}.Release|x86.Build.0 = Release|Win32
		{990FAC6A-BF26-46E4-B31E-5423AE030118}.Debug|x64.ActiveCfg = Debug|x64
		{990FAC6A-BF26-46E4-B31E-5423AE030118}.Debug|x64.Build.0 = Debug|x64
		{990FAC6A-BF26-46E4-B31E-5423AE030118}.Debug|x86.ActiveCfg = Debug|Win32
		{990FAC6A-BF26-46E4-B31E-5423AE030118}.Debug|x86.Build.0 = Debug|Win32
		{990FAC6A-BF26-46E4-B31E-5423AE030118}.Release|x64.ActiveCfg = Release|x64
		{990FAC6A-BF26-46E4-B31E-5423AE030118}.Release|x64.Build.0 = Release|x64
		{990FAC6A-BF26-46E4-B31E-5423AE030118}.Release|x86.ActiveCfg = Release|Win32
		{990FAC6A-BF26-46E4-B31E-5423AE030118}.Release|x86.Build.0 = Release|Win32
	EndGlobalSection
	GlobalSection(SolutionProperties) = preSolution
		HideSolutionNode = FALSE
	EndGlobalSection
	GlobalSection(ExtensibilityGlobals) = postSolution
		SolutionGuid = {93524C50-D8F4-4085-82D7-686890A80361}
	EndGlobalSection
EndGlobal
